
Microsoft Visual Studio Solution File, Format Version 12.00
# Visual Studio Version 17
VisualStudioVersion = 17.0.32014.148
MinimumVisualStudioVersion = 10.0.40219.1
Project("{9A19103F-16F7-4668-BE54-9A1E7A4F7556}") = "TpMongoDB", "TpMongoDB\TpMongoDB.csproj", "{A5B2A1D4-F466-4EE6-8D20-7EEE48C4009B}"
EndProject
Global
	GlobalSection(SolutionConfigurationPlatforms) = preSolution
		Debug|Any CPU = Debug|Any CPU
		Release|Any CPU = Release|Any CPU
	EndGlobalSection
	GlobalSection(ProjectConfigurationPlatforms) = postSolution
		{A5B2A1D4-F466-4EE6-8D20-7EEE48C4009B}.Debug|Any CPU.ActiveCfg = Debug|Any CPU
		{A5B2A1D4-F466-4EE6-8D20-7EEE48C4009B}.Debug|Any CPU.Build.0 = Debug|Any CPU
		{A5B2A1D4-F466-4EE6-8D20-7EEE48C4009B}.Release|Any CPU.ActiveCfg = Release|Any CPU
		{A5B2A1D4-F466-4EE6-8D20-7EEE48C4009B}.Release|Any CPU.Build.0 = Release|Any CPU
	EndGlobalSection
	GlobalSection(SolutionProperties) = preSolution
		HideSolutionNode = FALSE
	EndGlobalSection
	GlobalSection(ExtensibilityGlobals) = postSolution
		SolutionGuid = {C01858D1-AA9E-49C7-A323-F5C6DC0A9062}
	EndGlobalSection
EndGlobal
